
Microsoft Visual Studio Solution File, Format Version 9.00
# Visual Studio 2005
Project("{8BC9CEB8-8B4A-11D0-8D11-00A0C91BC942}") = "iDocImgX", "iDocImgX.vcproj", "{7A525DB2-86B0-4DF5-AF88-817731A82E44}"
EndProject
Global
	GlobalSection(SolutionConfigurationPlatforms) = preSolution
		Debug|Win32 = Debug|Win32
		Release MinDependency|Win32 = Release MinDependency|Win32
		Release MinSize|Win32 = Release MinSize|Win32
		Unicode Debug|Win32 = Unicode Debug|Win32
		Unicode Release MinDependency|Win32 = Unicode Release MinDependency|Win32
		Unicode Release MinSize|Win32 = Unicode Release MinSize|Win32
	EndGlobalSection
	GlobalSection(ProjectConfigurationPlatforms) = postSolution
		{7A525DB2-86B0-4DF5-AF88-817731A82E44}.Debug|Win32.ActiveCfg = Debug|Win32
		{7A525DB2-86B0-4DF5-AF88-817731A82E44}.Debug|Win32.Build.0 = Debug|Win32
		{7A525DB2-86B0-4DF5-AF88-817731A82E44}.Release MinDependency|Win32.ActiveCfg = Release MinDependency|Win32
		{7A525DB2-86B0-4DF5-AF88-817731A82E44}.Release MinDependency|Win32.Build.0 = Release MinDependency|Win32
		{7A525DB2-86B0-4DF5-AF88-817731A82E44}.Release MinSize|Win32.ActiveCfg = Release MinSize|Win32
		{7A525DB2-86B0-4DF5-AF88-817731A82E44}.Release MinSize|Win32.Build.0 = Release MinSize|Win32
		{7A525DB2-86B0-4DF5-AF88-817731A82E44}.Unicode Debug|Win32.ActiveCfg = Unicode Debug|Win32
		{7A525DB2-86B0-4DF5-AF88-817731A82E44}.Unicode Debug|Win32.Build.0 = Unicode Debug|Win32
		{7A525DB2-86B0-4DF5-AF88-817731A82E44}.Unicode Release MinDependency|Win32.ActiveCfg = Unicode Release MinDependency|Win32
		{7A525DB2-86B0-4DF5-AF88-817731A82E44}.Unicode Release MinDependency|Win32.Build.0 = Unicode Release MinDependency|Win32
		{7A525DB2-86B0-4DF5-AF88-817731A82E44}.Unicode Release MinSize|Win32.ActiveCfg = Unicode Release MinSize|Win32
		{7A525DB2-86B0-4DF5-AF88-817731A82E44}.Unicode Release MinSize|Win32.Build.0 = Unicode Release MinSize|Win32
	EndGlobalSection
	GlobalSection(SolutionProperties) = preSolution
		HideSolutionNode = FALSE
	EndGlobalSection
EndGlobal
